
Microsoft Visual Studio Solution File, Format Version 12.00
# Visual Studio 15
VisualStudioVersion = 15.0.28307.136
MinimumVisualStudioVersion = 10.0.40219.1
Project("{FAE04EC0-301F-11D3-BF4B-00C04F79EFBC}") = "TodoAPI", "Todo API\TodoAPI.csproj", "{80A1E51E-83AD-45E9-A250-4BF16E130539}"
EndProject
Project("{FAE04EC0-301F-11D3-BF4B-00C04F79EFBC}") = "Todo System", "Todo System\Todo System.csproj", "{1B7E699F-CF3D-4BB9-8978-B786A250E3B5}"
EndProject
Global
	GlobalSection(SolutionConfigurationPlatforms) = preSolution
		Debug|Any CPU = Debug|Any CPU
		Release|Any CPU = Release|Any CPU
	EndGlobalSection
	GlobalSection(ProjectConfigurationPlatforms) = postSolution
		{80A1E51E-83AD-45E9-A250-4BF16E130539}.Debug|Any CPU.ActiveCfg = Debug|Any CPU
		{80A1E51E-83AD-45E9-A250-4BF16E130539}.Debug|Any CPU.Build.0 = Debug|Any CPU
		{80A1E51E-83AD-45E9-A250-4BF16E130539}.Release|Any CPU.ActiveCfg = Release|Any CPU
		{80A1E51E-83AD-45E9-A250-4BF16E130539}.Release|Any CPU.Build.0 = Release|Any CPU
		{1B7E699F-CF3D-4BB9-8978-B786A250E3B5}.Debug|Any CPU.ActiveCfg = Debug|Any CPU
		{1B7E699F-CF3D-4BB9-8978-B786A250E3B5}.Debug|Any CPU.Build.0 = Debug|Any CPU
		{1B7E699F-CF3D-4BB9-8978-B786A250E3B5}.Release|Any CPU.ActiveCfg = Release|Any CPU
		{1B7E699F-CF3D-4BB9-8978-B786A250E3B5}.Release|Any CPU.Build.0 = Release|Any CPU
	EndGlobalSection
	GlobalSection(SolutionProperties) = preSolution
		HideSolutionNode = FALSE
	EndGlobalSection
	GlobalSection(ExtensibilityGlobals) = postSolution
		SolutionGuid = {CB163B7A-FFB6-4E8A-A140-AC980CC31BFE}
	EndGlobalSection
EndGlobal
